{
  "requires": true,
  "lockfileVersion": 1,
  "dependencies": {
    "debug": {
      "version": "2.6.9",
      "resolved": "http://r.cnpmjs.org/debug/download/debug-2.6.9.tgz",
      "integrity": "sha1-XRKFFd8TT/Mn6QpMk/Tgd6U2NB8=",
      "requires": {
        "ms": "2.0.0"
      }
    },
    "electron-debug": {
      "version": "1.4.0",
      "resolved": "http://r.cnpmjs.org/electron-debug/download/electron-debug-1.4.0.tgz",
      "integrity": "sha1-vscAVSIiCp0GIhUzUuG7/w83ry4=",
      "requires": {
        "electron-is-dev": "0.3.0",
        "electron-localshortcut": "3.0.2"
      },
      "dependencies": {
        "electron-is-dev": {
          "version": "0.3.0",
          "resolved": "http://r.cnpmjs.org/electron-is-dev/download/electron-is-dev-0.3.0.tgz",
          "integrity": "sha1-FOb9pcaOnk7L7/nM8DfL18BcWv4="
        },
        "electron-localshortcut": {
          "version": "3.0.2",
          "resolved": "http://r.cnpmjs.org/electron-localshortcut/download/electron-localshortcut-3.0.2.tgz",
          "integrity": "sha1-35zr5kFA9OWLaAqssr1ieK447mE=",
          "requires": {
            "debug": "2.6.9",
            "electron-is-accelerator": "0.1.2",
            "keyboardevent-from-electron-accelerator": "0.7.1",
            "keyboardevents-areequal": "0.2.2"
          }
        }
      }
    },
    "electron-is-accelerator": {
      "version": "0.1.2",
      "resolved": "http://r.cnpmjs.org/electron-is-accelerator/download/electron-is-accelerator-0.1.2.tgz",
      "integrity": "sha1-UJ5RDCala1Xhf4Y6SwThEYRqsns="
    },
    "electron-log": {
      "version": "1.3.0",
      "resolved": "http://r.cnpmjs.org/electron-log/download/electron-log-1.3.0.tgz",
      "integrity": "sha1-0FVEEUuXGhbIZznHnQ0jYQOtChY="
    },
    "keyboardevent-from-electron-accelerator": {
      "version": "0.7.1",
      "resolved": "http://r.cnpmjs.org/keyboardevent-from-electron-accelerator/download/keyboardevent-from-electron-accelerator-0.7.1.tgz",
      "integrity": "sha1-rtr6XMmjpfPyt8iLL/1AV1aBGOc="
    },
    "keyboardevents-areequal": {
      "version": "0.2.2",
      "resolved": "http://r.cnpmjs.org/keyboardevents-areequal/download/keyboardevents-areequal-0.2.2.tgz",
      "integrity": "sha1-iBkexzjOn3WRwl6QVt6Si0AncZQ="
    },
    "ms": {
      "version": "2.0.0",
      "resolved": "http://r.cnpmjs.org/ms/download/ms-2.0.0.tgz",
      "integrity": "sha1-VgiurfwAvmwpAd9fmGF4jeDVl8g="
    }
  }
}
