# This file is autogenerated, do not edit; changes may be undone by the next 'dep ensure'.


[[projects]]
  digest = "1:af6e785bedb62fc2abb81977c58a7a44e5cf9f7e41b8d3c8dd4d872edea0ce08"
  name = "github.com/NYTimes/gziphandler"
  packages = ["."]
  pruneopts = "UT"
  revision = "dd0439581c7657cb652dfe5c71d7d48baf39541d"
  version = "v1.1.1"

[[projects]]
  branch = "master"
  digest = "1:86d119ee8a0fb122f2d0e0fbbbd5d2f65953029248743462ee3908a21ae04247"
  name = "github.com/andreyvit/diff"
  packages = ["."]
  pruneopts = "UT"
  revision = "c7f18ee00883bfd3b00e0a2bf7607827e0148ad4"

[[projects]]
  digest = "1:d6afaeed1502aa28e80a4ed0981d570ad91b2579193404256ce672ed0a609e0d"
  name = "github.com/beorn7/perks"
  packages = ["quantile"]
  pruneopts = "UT"
  revision = "37c8de3658fcb183f997c4e13e8337516ab753e6"
  version = "v1.0.1"

[[projects]]
  digest = "1:91e904d606ad35df7b5b8549d4118594bafbf492ef98b23f6ce6ed71fc64775c"
  name = "github.com/blang/semver"
  packages = ["."]
  pruneopts = "UT"
  revision = "af3461a9cbcf1f3f5889d21b83f5ef63880c33a8"
  version = "v4.0.0"

[[projects]]
  digest = "1:0f98f59e9a2f4070d66f0c9c39561f68fcd1dc837b22a852d28d0003aebd1b1e"
  name = "github.com/boltdb/bolt"
  packages = ["."]
  pruneopts = "UT"
  revision = "2f1ce7a837dcb8da3ec595b1dac9d0632f0f99e8"
  version = "v1.3.1"

[[projects]]
  digest = "1:4ba637038f22c9065994c0cd734118fc75e0c744f855fd3edbd3b923d1f41d44"
  name = "github.com/cenkalti/backoff"
  packages = ["."]
  pruneopts = "UT"
  revision = "61153c768f31ee5f130071d08fc82b85208528de"
  version = "v1.1.0"

[[projects]]
  digest = "1:7cb4fdca4c251b3ef8027c90ea35f70c7b661a593b9eeae34753c65499098bb1"
  name = "github.com/cpuguy83/go-md2man"
  packages = ["md2man"]
  pruneopts = "UT"
  revision = "7762f7e404f8416dfa1d9bb6a8c192aa9acb4d19"
  version = "v1.0.10"

[[projects]]
  digest = "1:ffe9824d294da03b391f44e1ae8281281b4afc1bdaa9588c9097785e3af10cec"
  name = "github.com/davecgh/go-spew"
  packages = ["spew"]
  pruneopts = "UT"
  revision = "8991bc29aa16c548c550c7ff78260e27b9ab7c73"
  version = "v1.1.1"

[[projects]]
  digest = "1:80057945464ffb5b0da1f026beb8df0e8dbd098eaf771a349291bed2cd29a83e"
  name = "github.com/fsnotify/fsnotify"
  packages = ["."]
  pruneopts = "UT"
  revision = "45d7d09e39ef4ac08d493309fa031790c15bfe8a"
  version = "v1.4.9"

[[projects]]
  digest = "1:0407299779172c3b067809ffbeabf552ed9e4fe03066a80b540979933cc79616"
  name = "github.com/golang/protobuf"
  packages = [
    "proto",
    "ptypes",
    "ptypes/any",
    "ptypes/duration",
    "ptypes/timestamp",
  ]
  pruneopts = "UT"
  revision = "4846b58453b3708320bdb524f25cc5a1d9cda4d4"
  version = "v1.4.3"

[[projects]]
  digest = "1:a4b82036371703ab660e20e0576a3fd0b7ddd027ed4f92092c62215887b54ca6"
  name = "github.com/google/go-cmp"
  packages = [
    "cmp",
    "cmp/cmpopts",
    "cmp/internal/diff",
    "cmp/internal/flags",
    "cmp/internal/function",
    "cmp/internal/value",
  ]
  pruneopts = "UT"
  revision = "ec71d6d790538ad88c95a192fd059e11afb45b6f"
  version = "v0.5.4"

[[projects]]
  digest = "1:c0d19ab64b32ce9fe5cf4ddceba78d5bc9807f0016db6b1183599da3dcc24d10"
  name = "github.com/hashicorp/hcl"
  packages = [
    ".",
    "hcl/ast",
    "hcl/parser",
    "hcl/printer",
    "hcl/scanner",
    "hcl/strconv",
    "hcl/token",
    "json/parser",
    "json/scanner",
    "json/token",
  ]
  pruneopts = "UT"
  revision = "8cb6e5b959231cc1119e43259c4a608f9c51a241"
  version = "v1.0.0"

[[projects]]
  digest = "1:870d441fe217b8e689d7949fef6e43efbc787e50f200cb1e70dbca9204a1d6be"
  name = "github.com/inconshreveable/mousetrap"
  packages = ["."]
  pruneopts = "UT"
  revision = "76626ae9c91c4f2a10f34cad8ce83ea42c93bb75"
  version = "v1.0"

[[projects]]
  digest = "1:85a45ff41e6b733d430b653236191d131b707a05e9751f53b469f2c0bb222f01"
  name = "github.com/magiconair/properties"
  packages = ["."]
  pruneopts = "UT"
  revision = "0e5c09062c2daef666bd279e2d2d9f25f218f2be"
  version = "v1.8.4"

[[projects]]
  digest = "1:304d25ecc3f4ca39f894c959254d3f5fc6176276ccf1f874ded0cd441e2f964f"
  name = "github.com/mattn/go-colorable"
  packages = ["."]
  pruneopts = "UT"
  revision = "2e1b0c1546e0173c0907cf05c67b8ba29ed8b4d1"
  version = "v0.1.8"

[[projects]]
  digest = "1:0c58d31abe2a2ccb429c559b6292e7df89dcda675456fecc282fa90aa08273eb"
  name = "github.com/mattn/go-isatty"
  packages = ["."]
  pruneopts = "UT"
  revision = "7b513a986450394f7bbf1476909911b3aa3a55ce"
  version = "v0.0.12"

[[projects]]
  digest = "1:ff5ebae34cfbf047d505ee150de27e60570e8c394b3b8fdbb720ff6ac71985fc"
  name = "github.com/matttproud/golang_protobuf_extensions"
  packages = ["pbutil"]
  pruneopts = "UT"
  revision = "c12348ce28de40eed0136aa2b644d0ee0650e56c"
  version = "v1.0.1"

[[projects]]
  branch = "master"
  digest = "1:156ffa10bf53a39da78ff667c0084fd09d87b2345708d697f6faa45b7571dfa4"
  name = "github.com/mgutz/ansi"
  packages = ["."]
  pruneopts = "UT"
  revision = "d51e80ef957dba7f19388ca64afefbd5a096af30"

[[projects]]
  digest = "1:4bba0efb9a537243bc62a0f816d75a068ea45816824e36706e20fb507b986a9c"
  name = "github.com/mitchellh/mapstructure"
  packages = ["."]
  pruneopts = "UT"
  revision = "95075d6e1a88d608e5258a054d7f0de9401f255e"
  version = "v1.4.0"

[[projects]]
  digest = "1:ba7c8395a3bdd3b44d40ba36ff6eb283b583a3db865c02a952b89a1aa639081b"
  name = "github.com/pelletier/go-toml"
  packages = ["."]
  pruneopts = "UT"
  revision = "65ca8064882c8c308e5c804c5d5443d409e0738c"
  version = "v1.8.1"

[[projects]]
  digest = "1:0028cb19b2e4c3112225cd871870f2d9cf49b9b4276531f03438a88e94be86fe"
  name = "github.com/pmezard/go-difflib"
  packages = ["difflib"]
  pruneopts = "UT"
  revision = "792786c7400a136282c1664665ae0a8db921c6c2"
  version = "v1.0.0"

[[projects]]
  digest = "1:d14a5f4bfecf017cb780bdde1b6483e5deb87e12c332544d2c430eda58734bcb"
  name = "github.com/prometheus/client_golang"
  packages = [
    "prometheus",
    "prometheus/promhttp",
  ]
  pruneopts = "UT"
  revision = "c5b7fccd204277076155f10851dad72b76a49317"
  version = "v0.8.0"

[[projects]]
  digest = "1:0db23933b8052702d980a3f029149b3f175f7c0eea0cff85b175017d0f2722c0"
  name = "github.com/prometheus/client_model"
  packages = ["go"]
  pruneopts = "UT"
  revision = "7bc5445566f0fe75b15de23e6b93886e982d7bf9"
  version = "v0.2.0"

[[projects]]
  digest = "1:1477d6c79f19c3b894cf07a8d1a45d5adba91254e497f2be6cea5d8ebd835984"
  name = "github.com/prometheus/common"
  packages = [
    "expfmt",
    "internal/bitbucket.org/ww/goautoneg",
    "model",
  ]
  pruneopts = "UT"
  revision = "20c99e7aa07352b599bd0517cd5ca945f4af0407"
  version = "v0.15.0"

[[projects]]
  digest = "1:b2268435af85ee1a0fca0e37de4225f78e2d9d8b0b66acde3a29f127634efa87"
  name = "github.com/prometheus/procfs"
  packages = [
    ".",
    "internal/fs",
    "internal/util",
  ]
  pruneopts = "UT"
  revision = "9dece15c53cd5e9fbfbd72d5108adcf526a3f486"
  version = "v0.2.0"

[[projects]]
  digest = "1:c5dfe46811af7e2eff7c11fc84b6c841520338613c056f659f262d5a4fb42fa8"
  name = "github.com/rs/cors"
  packages = ["."]
  pruneopts = "UT"
  revision = "db0fe48135e83b5812a5a31be0eea66984b1b521"
  version = "v1.7.0"

[[projects]]
  digest = "1:48b588dcb2ab28036362df5a1f6cc7c68d1bdafb1e8b088eefaafb4d8dd807c5"
  name = "github.com/russross/blackfriday"
  packages = ["."]
  pruneopts = "UT"
  revision = "4c9bf9512682b995722660a4196c0013228e2049"
  version = "v2.1.0"

[[projects]]
  digest = "1:d0d418e1c02e6fc00259ef09d0d4f5135fc6aedac356ff0a11f4e5ef0c447270"
  name = "github.com/sergi/go-diff"
  packages = ["diffmatchpatch"]
  pruneopts = "UT"
  revision = "58c5cb1602ee9676b5d3590d782bedde80706fcc"
  version = "v1.1.0"

[[projects]]
  digest = "1:ae3c4c486b4de2c71f6e1b9e53d125d13c80aaecc549e9a93342e8274ec761f4"
  name = "github.com/shopspring/decimal"
  packages = ["."]
  pruneopts = "UT"
  revision = "2568a29459476f824f35433dfbef158d6ad8618c"
  version = "v1.2.0"

[[projects]]
  digest = "1:1760ee71834b3d0c59ffb6e0f9444fb68aec64bd6630b99b349fb111f74022fa"
  name = "github.com/sirupsen/logrus"
  packages = ["."]
  pruneopts = "UT"
  revision = "6699a89a232f3db797f2e280639854bbc4b89725"
  version = "v1.7.0"

[[projects]]
  branch = "master"
  digest = "1:8a50c4460a24ce3cff0f50d094fa086db29119b4a0b58e70b87e922274526804"
  name = "github.com/skycoin/encodertest"
  packages = ["."]
  pruneopts = "UT"
  revision = "14c2e31898b98265cc642f54d53f7280998e7208"

[[projects]]
  digest = "1:147c219d6395d6c35967c926bae6034edd298c808823a095105f70b1ab0c3ab6"
  name = "github.com/skycoin/skycoin"
  packages = [
    "cmd/monitor-peers/connection",
    "src/api",
    "src/cipher",
    "src/cipher/base58",
    "src/cipher/bip32",
    "src/cipher/bip39",
    "src/cipher/bip39/wordlists",
    "src/cipher/bip44",
    "src/cipher/chacha20poly1305",
    "src/cipher/chacha20poly1305/internal/chacha20",
    "src/cipher/encoder",
    "src/cipher/encrypt",
    "src/cipher/pbkdf2",
    "src/cipher/poly1305",
    "src/cipher/ripemd160",
    "src/cipher/scrypt",
    "src/cipher/secp256k1-go",
    "src/cipher/secp256k1-go/secp256k1-go2",
    "src/cipher/testsuite",
    "src/cli",
    "src/coin",
    "src/consensus",
    "src/daemon",
    "src/daemon/gnet",
    "src/daemon/pex",
    "src/daemon/strand",
    "src/fiber",
    "src/kvstorage",
    "src/params",
    "src/readable",
    "src/skycoin",
    "src/testutil",
    "src/testutil/assert",
    "src/testutil/require",
    "src/transaction",
    "src/util/apputil",
    "src/util/certutil",
    "src/util/droplet",
    "src/util/elapse",
    "src/util/fee",
    "src/util/file",
    "src/util/http",
    "src/util/iputil",
    "src/util/logging",
    "src/util/mathutil",
    "src/util/timeutil",
    "src/util/useragent",
    "src/visor",
    "src/visor/blockdb",
    "src/visor/dbutil",
    "src/visor/historydb",
    "src/wallet",
  ]
  pruneopts = "UT"
  revision = "13141d81aaa5fa3c653522f6d462dfc851c962f2"
  version = "v0.27.1"

[[projects]]
  digest = "1:e76b197a689daae40d3b3597319b3b66e29c94eccda6461b1c97e2524cf3630b"
  name = "github.com/spf13/afero"
  packages = [
    ".",
    "mem",
  ]
  pruneopts = "UT"
  revision = "32b5faae5bd7fe285255e818818f7971e9279c1a"
  version = "v1.5.1"

[[projects]]
  digest = "1:ff4cd55a3666b6ea3a876c9e133bfb54d6c812e725409a773f2c94a0b3a92f4f"
  name = "github.com/spf13/cast"
  packages = ["."]
  pruneopts = "UT"
  revision = "1ffadf551085444af981432dd0f6d1160c11ec64"
  version = "v1.3.1"

[[projects]]
  digest = "1:f9fabbb31b1ee489d371e01f7cbaf6860b96750fc04a55241d44ac60ad896433"
  name = "github.com/spf13/cobra"
  packages = ["."]
  pruneopts = "UT"
  revision = "86f8bfd7fef868a174e1b606783bd7f5c82ddf8f"
  version = "v1.1.1"

[[projects]]
  digest = "1:1b753ec16506f5864d26a28b43703c58831255059644351bbcb019b843950900"
  name = "github.com/spf13/jwalterweatherman"
  packages = ["."]
  pruneopts = "UT"
  revision = "94f6ae3ed3bceceafa716478c5fbf8d29ca601a1"
  version = "v1.1.0"

[[projects]]
  digest = "1:524b71991fc7d9246cc7dc2d9e0886ccb97648091c63e30eef619e6862c955dd"
  name = "github.com/spf13/pflag"
  packages = ["."]
  pruneopts = "UT"
  revision = "2e9d26c8c37aae03e3f9d4e90b7116f5accb7cab"
  version = "v1.0.5"

[[projects]]
  digest = "1:b3027d4cb73b6576e8818c1012389dbcd8385e34bb8e4ee024891214c4338725"
  name = "github.com/spf13/viper"
  packages = ["."]
  pruneopts = "UT"
  revision = "3826be313591f83193f048520482a7b3cf17d506"
  version = "v1.7.1"

[[projects]]
  digest = "1:86ff4af7b6bb3d27c2e89b5ef8c139678acff1cad74a3c5235fc5af6b94fcc9e"
  name = "github.com/stretchr/objx"
  packages = ["."]
  pruneopts = "UT"
  revision = "35313a95ee26395aa17d366c71a2ccf788fa69b6"
  version = "v0.3.0"

[[projects]]
  digest = "1:afa503f22c5464c93393d25b1c3b8743fe1a96ff0db2b99cbb2091214995bf4b"
  name = "github.com/stretchr/testify"
  packages = [
    "assert",
    "mock",
    "require",
  ]
  pruneopts = "UT"
  revision = "2aa2c176b9dab406a6970f6a55f513e8a8c8b18f"

[[projects]]
  digest = "1:f4b32291cad5efac2bfdba89ccde6aa04618b62ce06c1a571da2dc4f3f2677fb"
  name = "github.com/subosito/gotenv"
  packages = ["."]
  pruneopts = "UT"
  revision = "2ef7124db659d49edac6aa459693a15ae36c671a"
  version = "v1.2.0"

[[projects]]
  digest = "1:a7c5dd394613ae5166506781aa8176945fefb57e55658fb15569328445ec27d7"
  name = "github.com/toqueteos/webbrowser"
  packages = ["."]
  pruneopts = "UT"
  revision = "61ea02ef245a3e53cac7b95223b662592f6a7bf1"
  version = "v1.2.0"

[[projects]]
  digest = "1:1d3ef3dd057d2eb1819e945f88cc83835296c9b7fb13ad3194c937c4e2891fee"
  name = "github.com/urfave/cli"
  packages = ["."]
  pruneopts = "UT"
  revision = "bfe2e925cfb6d44b40ad3a779165ea7e8aff9212"
  version = "v1.22.0"

[[projects]]
  branch = "master"
  digest = "1:c9d0c7346c55bc13efdb3dbf13938e909d22a7a7bf115af69a79e25553513bd0"
  name = "golang.org/x/crypto"
  packages = ["ssh/terminal"]
  pruneopts = "UT"
  revision = "eec23a3978adcfd26c29f4153eaa3e3d9b2cc53a"

[[projects]]
  branch = "master"
  digest = "1:76ee51c3f468493aff39dbacc401e8831fbb765104cbf613b89bef01cf4bad70"
  name = "golang.org/x/net"
  packages = ["context"]
  pruneopts = "UT"
  revision = "6772e930b67bb09bf22262c7378e7d2f67cf59d1"

[[projects]]
  branch = "master"
  digest = "1:9a0e8de840d8a17445f85d70223b75ce671b1210a671b6efecc95ecd7b855380"
  name = "golang.org/x/sys"
  packages = [
    "internal/unsafeheader",
    "plan9",
    "unix",
    "windows",
  ]
  pruneopts = "UT"
  revision = "0d417f6369309be088e227ead8736fb722d759d3"

[[projects]]
  branch = "master"
  digest = "1:aff3723b8ec6c06bb52b62cf492783ae041e137534714289acb6625c031d1b24"
  name = "golang.org/x/term"
  packages = ["."]
  pruneopts = "UT"
  revision = "2321bbc49cbf8303ea9834c419750e793e31be73"

[[projects]]
  digest = "1:666e3df74f0c4788cc92426b18e33d93b7b62a3d4e8253f7c4b2226132a0f8de"
  name = "golang.org/x/text"
  packages = [
    "internal/gen",
    "internal/triegen",
    "internal/ucd",
    "transform",
    "unicode/cldr",
    "unicode/norm",
  ]
  pruneopts = "UT"
  revision = "22f1617af38ed4cd65b3b96e02bab267e560155c"
  version = "v0.3.4"

[[projects]]
  branch = "master"
  digest = "1:918a46e4a2fb83df33f668f5a6bd51b2996775d073fce1800d3ec01b0a5ddd2b"
  name = "golang.org/x/xerrors"
  packages = [
    ".",
    "internal",
  ]
  pruneopts = "UT"
  revision = "5ec99f83aff198f5fbd629d6c8d8eb38a04218ca"

[[projects]]
  digest = "1:fd328c5b52e433ea3ffc891bcc4f94469a82bf478558208db2b386aad8a304a1"
  name = "google.golang.org/protobuf"
  packages = [
    "encoding/prototext",
    "encoding/protowire",
    "internal/descfmt",
    "internal/descopts",
    "internal/detrand",
    "internal/encoding/defval",
    "internal/encoding/messageset",
    "internal/encoding/tag",
    "internal/encoding/text",
    "internal/errors",
    "internal/fieldsort",
    "internal/filedesc",
    "internal/filetype",
    "internal/flags",
    "internal/genid",
    "internal/impl",
    "internal/mapsort",
    "internal/pragma",
    "internal/set",
    "internal/strs",
    "internal/version",
    "proto",
    "reflect/protoreflect",
    "reflect/protoregistry",
    "runtime/protoiface",
    "runtime/protoimpl",
    "types/known/anypb",
    "types/known/durationpb",
    "types/known/timestamppb",
  ]
  pruneopts = "UT"
  revision = "3f7a61f89bb6813f89d981d1870ed68da0b3c3f1"
  version = "v1.25.0"

[[projects]]
  digest = "1:f7059e57af5fc848220ebfbfb61e4d333179a6a07e70bc01f7ae5bc873586537"
  name = "gopkg.in/ini.v1"
  packages = ["."]
  pruneopts = "UT"
  revision = "5e97220809ffaa826f787728501264e9114cb834"
  version = "v1.62.0"

[[projects]]
  digest = "1:5054a1f394226de9e6ddc47b0ba77e35092a4112f4a1cd9cb94aba1f5bdc3ec6"
  name = "gopkg.in/yaml.v2"
  packages = ["."]
  pruneopts = "UT"
  revision = "7649d4548cb53a614db133b2a8ac1f31859dda8c"
  version = "v2.4.0"

[solve-meta]
  analyzer-name = "dep"
  analyzer-version = 1
  input-imports = [
    "github.com/NYTimes/gziphandler",
    "github.com/andreyvit/diff",
    "github.com/blang/semver",
    "github.com/boltdb/bolt",
    "github.com/cenkalti/backoff",
    "github.com/google/go-cmp/cmp",
    "github.com/google/go-cmp/cmp/cmpopts",
    "github.com/mgutz/ansi",
    "github.com/prometheus/client_golang/prometheus",
    "github.com/prometheus/client_golang/prometheus/promhttp",
    "github.com/rs/cors",
    "github.com/shopspring/decimal",
    "github.com/sirupsen/logrus",
    "github.com/skycoin/encodertest",
    "github.com/skycoin/skycoin/cmd/monitor-peers/connection",
    "github.com/skycoin/skycoin/src/api",
    "github.com/skycoin/skycoin/src/cipher",
    "github.com/skycoin/skycoin/src/cipher/base58",
    "github.com/skycoin/skycoin/src/cipher/bip32",
    "github.com/skycoin/skycoin/src/cipher/bip39",
    "github.com/skycoin/skycoin/src/cipher/bip39/wordlists",
    "github.com/skycoin/skycoin/src/cipher/bip44",
    "github.com/skycoin/skycoin/src/cipher/chacha20poly1305",
    "github.com/skycoin/skycoin/src/cipher/encoder",
    "github.com/skycoin/skycoin/src/cipher/encrypt",
    "github.com/skycoin/skycoin/src/cipher/pbkdf2",
    "github.com/skycoin/skycoin/src/cipher/ripemd160",
    "github.com/skycoin/skycoin/src/cipher/scrypt",
    "github.com/skycoin/skycoin/src/cipher/secp256k1-go",
    "github.com/skycoin/skycoin/src/cipher/secp256k1-go/secp256k1-go2",
    "github.com/skycoin/skycoin/src/cipher/testsuite",
    "github.com/skycoin/skycoin/src/cli",
    "github.com/skycoin/skycoin/src/coin",
    "github.com/skycoin/skycoin/src/consensus",
    "github.com/skycoin/skycoin/src/daemon",
    "github.com/skycoin/skycoin/src/daemon/gnet",
    "github.com/skycoin/skycoin/src/daemon/pex",
    "github.com/skycoin/skycoin/src/daemon/strand",
    "github.com/skycoin/skycoin/src/fiber",
    "github.com/skycoin/skycoin/src/kvstorage",
    "github.com/skycoin/skycoin/src/params",
    "github.com/skycoin/skycoin/src/readable",
    "github.com/skycoin/skycoin/src/skycoin",
    "github.com/skycoin/skycoin/src/testutil",
    "github.com/skycoin/skycoin/src/testutil/assert",
    "github.com/skycoin/skycoin/src/testutil/require",
    "github.com/skycoin/skycoin/src/transaction",
    "github.com/skycoin/skycoin/src/util/apputil",
    "github.com/skycoin/skycoin/src/util/certutil",
    "github.com/skycoin/skycoin/src/util/droplet",
    "github.com/skycoin/skycoin/src/util/elapse",
    "github.com/skycoin/skycoin/src/util/fee",
    "github.com/skycoin/skycoin/src/util/file",
    "github.com/skycoin/skycoin/src/util/http",
    "github.com/skycoin/skycoin/src/util/iputil",
    "github.com/skycoin/skycoin/src/util/logging",
    "github.com/skycoin/skycoin/src/util/mathutil",
    "github.com/skycoin/skycoin/src/util/timeutil",
    "github.com/skycoin/skycoin/src/util/useragent",
    "github.com/skycoin/skycoin/src/visor",
    "github.com/skycoin/skycoin/src/visor/blockdb",
    "github.com/skycoin/skycoin/src/visor/dbutil",
    "github.com/skycoin/skycoin/src/visor/historydb",
    "github.com/skycoin/skycoin/src/wallet",
    "github.com/spf13/cobra",
    "github.com/spf13/pflag",
    "github.com/spf13/viper",
    "github.com/stretchr/testify/assert",
    "github.com/stretchr/testify/mock",
    "github.com/stretchr/testify/require",
    "github.com/toqueteos/webbrowser",
    "github.com/urfave/cli",
    "golang.org/x/crypto/ssh/terminal",
  ]
  solver-name = "gps-cdcl"
  solver-version = 1
